
Microsoft Visual Studio Solution File, Format Version 12.00
# Visual Studio Version 17
VisualStudioVersion = 17.9.34723.18
MinimumVisualStudioVersion = 10.0.40219.1
Project("{9A19103F-16F7-4668-BE54-9A1E7A4F7556}") = "BlogersProject.WebUI", "BlogersProject.WebUI\BlogersProject.WebUI.csproj", "{406E555A-A93E-43D4-A2E1-403F53A164B8}"
EndProject
Project("{9A19103F-16F7-4668-BE54-9A1E7A4F7556}") = "BlogersProject.Model", "BlogersProject.Model\BlogersProject.Model.csproj", "{4AA55F8B-7F43-4CCB-8F52-8C3479A4FF63}"
EndProject
Project("{9A19103F-16F7-4668-BE54-9A1E7A4F7556}") = "BlogersProject.WebApi", "BlogersProject.WebApi\BlogersProject.WebApi.csproj", "{AE306FBB-519A-4B5D-9E8E-5C07D3E5D02C}"
EndProject
Global
	GlobalSection(SolutionConfigurationPlatforms) = preSolution
		Debug|Any CPU = Debug|Any CPU
		Release|Any CPU = Release|Any CPU
	EndGlobalSection
	GlobalSection(ProjectConfigurationPlatforms) = postSolution
		{406E555A-A93E-43D4-A2E1-403F53A164B8}.Debug|Any CPU.ActiveCfg = Debug|Any CPU
		{406E555A-A93E-43D4-A2E1-403F53A164B8}.Debug|Any CPU.Build.0 = Debug|Any CPU
		{406E555A-A93E-43D4-A2E1-403F53A164B8}.Release|Any CPU.ActiveCfg = Release|Any CPU
		{406E555A-A93E-43D4-A2E1-403F53A164B8}.Release|Any CPU.Build.0 = Release|Any CPU
		{4AA55F8B-7F43-4CCB-8F52-8C3479A4FF63}.Debug|Any CPU.ActiveCfg = Debug|Any CPU
		{4AA55F8B-7F43-4CCB-8F52-8C3479A4FF63}.Debug|Any CPU.Build.0 = Debug|Any CPU
		{4AA55F8B-7F43-4CCB-8F52-8C3479A4FF63}.Release|Any CPU.ActiveCfg = Release|Any CPU
		{4AA55F8B-7F43-4CCB-8F52-8C3479A4FF63}.Release|Any CPU.Build.0 = Release|Any CPU
		{AE306FBB-519A-4B5D-9E8E-5C07D3E5D02C}.Debug|Any CPU.ActiveCfg = Debug|Any CPU
		{AE306FBB-519A-4B5D-9E8E-5C07D3E5D02C}.Debug|Any CPU.Build.0 = Debug|Any CPU
		{AE306FBB-519A-4B5D-9E8E-5C07D3E5D02C}.Release|Any CPU.ActiveCfg = Release|Any CPU
		{AE306FBB-519A-4B5D-9E8E-5C07D3E5D02C}.Release|Any CPU.Build.0 = Release|Any CPU
	EndGlobalSection
	GlobalSection(SolutionProperties) = preSolution
		HideSolutionNode = FALSE
	EndGlobalSection
	GlobalSection(ExtensibilityGlobals) = postSolution
		SolutionGuid = {C12420B4-2E96-46F5-A252-9B5C1339661C}
	EndGlobalSection
EndGlobal
